// !$*UTF8*$!
{
	archiveVersion = 1;
	classes = {
	};
	objectVersion = 46;
	objects = {

/* Begin PBXBuildFile section */
		CD20827D1C3E9EA500AC4D2D /* DataModel.m in Sources */ = {isa = PBXBuildFile; fileRef = CD20827C1C3E9EA500AC4D2D /* DataModel.m */; };
		CD22D6C81C3C05DE00BCB97C /* DetailItemTableViewController.m in Sources */ = {isa = PBXBuildFile; fileRef = CD22D6C71C3C05DE00BCB97C /* DetailItemTableViewController.m */; };
		CD6C44191C3D6622008D9D9F /* AllListViewController.m in Sources */ = {isa = PBXBuildFile; fileRef = CD6C44181C3D6622008D9D9F /* AllListViewController.m */; };
		CD6C441C1C3D66F2008D9D9F /* CheckList.m in Sources */ = {isa = PBXBuildFile; fileRef = CD6C441B1C3D66F2008D9D9F /* CheckList.m */; };
		CD6C441F1C3D6B2A008D9D9F /* ListDetailViewController.m in Sources */ = {isa = PBXBuildFile; fileRef = CD6C441E1C3D6B2A008D9D9F /* ListDetailViewController.m */; };
		CD7648391C3D389600CAEC14 /* CheckListTableViewCell.m in Sources */ = {isa = PBXBuildFile; fileRef = CD7648381C3D389600CAEC14 /* CheckListTableViewCell.m */; };
		CDC568591C40102000C03E20 /* IconPickerViewController.m in Sources */ = {isa = PBXBuildFile; fileRef = CDC568581C40102000C03E20 /* IconPickerViewController.m */; };
		CDDE6F4B1C3BF145006BA901 /* main.m in Sources */ = {isa = PBXBuildFile; fileRef = CDDE6F4A1C3BF145006BA901 /* main.m */; };
		CDDE6F4E1C3BF145006BA901 /* AppDelegate.m in Sources */ = {isa = PBXBuildFile; fileRef = CDDE6F4D1C3BF145006BA901 /* AppDelegate.m */; };
		CDDE6F511C3BF145006BA901 /* ListViewController.m in Sources */ = {isa = PBXBuildFile; fileRef = CDDE6F501C3BF145006BA901 /* ListViewController.m */; };
		CDDE6F541C3BF145006BA901 /* Main.storyboard in Resources */ = {isa = PBXBuildFile; fileRef = CDDE6F521C3BF145006BA901 /* Main.storyboard */; };
		CDDE6F561C3BF145006BA901 /* Assets.xcassets in Resources */ = {isa = PBXBuildFile; fileRef = CDDE6F551C3BF145006BA901 /* Assets.xcassets */; };
		CDDF40771C3D0385009BDD58 /* CheckListItem.m in Sources */ = {isa = PBXBuildFile; fileRef = CDDF40761C3D0385009BDD58 /* CheckListItem.m */; };
/* End PBXBuildFile section */

/* Begin PBXFileReference section */
		CD20827B1C3E9EA500AC4D2D /* DataModel.h */ = {isa = PBXFileReference; fileEncoding = 4; lastKnownFileType = sourcecode.c.h; path = DataModel.h; sourceTree = "<group>"; };
		CD20827C1C3E9EA500AC4D2D /* DataModel.m */ = {isa = PBXFileReference; fileEncoding = 4; lastKnownFileType = sourcecode.c.objc; path = DataModel.m; sourceTree = "<group>"; };
		CD22D6C61C3C05DE00BCB97C /* DetailItemTableViewController.h */ = {isa = PBXFileReference; fileEncoding = 4; lastKnownFileType = sourcecode.c.h; path = DetailItemTableViewController.h; sourceTree = "<group>"; };
		CD22D6C71C3C05DE00BCB97C /* DetailItemTableViewController.m */ = {isa = PBXFileReference; fileEncoding = 4; lastKnownFileType = sourcecode.c.objc; path = DetailItemTableViewController.m; sourceTree = "<group>"; };
		CD6C44171C3D6622008D9D9F /* AllListViewController.h */ = {isa = PBXFileReference; fileEncoding = 4; lastKnownFileType = sourcecode.c.h; path = AllListViewController.h; sourceTree = "<group>"; };
		CD6C44181C3D6622008D9D9F /* AllListViewController.m */ = {isa = PBXFileReference; fileEncoding = 4; lastKnownFileType = sourcecode.c.objc; path = AllListViewController.m; sourceTree = "<group>"; };
		CD6C441A1C3D66F2008D9D9F /* CheckList.h */ = {isa = PBXFileReference; fileEncoding = 4; lastKnownFileType = sourcecode.c.h; path = CheckList.h; sourceTree = "<group>"; };
		CD6C441B1C3D66F2008D9D9F /* CheckList.m */ = {isa = PBXFileReference; fileEncoding = 4; lastKnownFileType = sourcecode.c.objc; path = CheckList.m; sourceTree = "<group>"; };
		CD6C441D1C3D6B2A008D9D9F /* ListDetailViewController.h */ = {isa = PBXFileReference; fileEncoding = 4; lastKnownFileType = sourcecode.c.h; path = ListDetailViewController.h; sourceTree = "<group>"; };
		CD6C441E1C3D6B2A008D9D9F /* ListDetailViewController.m */ = {isa = PBXFileReference; fileEncoding = 4; lastKnownFileType = sourcecode.c.objc; path = ListDetailViewController.m; sourceTree = "<group>"; };
		CD7648371C3D389600CAEC14 /* CheckListTableViewCell.h */ = {isa = PBXFileReference; fileEncoding = 4; lastKnownFileType = sourcecode.c.h; path = CheckListTableViewCell.h; sourceTree = "<group>"; };
		CD7648381C3D389600CAEC14 /* CheckListTableViewCell.m */ = {isa = PBXFileReference; fileEncoding = 4; lastKnownFileType = sourcecode.c.objc; path = CheckListTableViewCell.m; sourceTree = "<group>"; };
		CDC568571C40102000C03E20 /* IconPickerViewController.h */ = {isa = PBXFileReference; fileEncoding = 4; lastKnownFileType = sourcecode.c.h; path = IconPickerViewController.h; sourceTree = "<group>"; };
		CDC568581C40102000C03E20 /* IconPickerViewController.m */ = {isa = PBXFileReference; fileEncoding = 4; lastKnownFileType = sourcecode.c.objc; path = IconPickerViewController.m; sourceTree = "<group>"; };
		CDDE6F461C3BF145006BA901 /* ToDoList.app */ = {isa = PBXFileReference; explicitFileType = wrapper.application; includeInIndex = 0; path = ToDoList.app; sourceTree = BUILT_PRODUCTS_DIR; };
		CDDE6F4A1C3BF145006BA901 /* main.m */ = {isa = PBXFileReference; lastKnownFileType = sourcecode.c.objc; path = main.m; sourceTree = "<group>"; };
		CDDE6F4C1C3BF145006BA901 /* AppDelegate.h */ = {isa = PBXFileReference; lastKnownFileType = sourcecode.c.h; path = AppDelegate.h; sourceTree = "<group>"; };
		CDDE6F4D1C3BF145006BA901 /* AppDelegate.m */ = {isa = PBXFileReference; lastKnownFileType = sourcecode.c.objc; path = AppDelegate.m; sourceTree = "<group>"; };
		CDDE6F4F1C3BF145006BA901 /* ListViewController.h */ = {isa = PBXFileReference; lastKnownFileType = sourcecode.c.h; path = ListViewController.h; sourceTree = "<group>"; };
		CDDE6F501C3BF145006BA901 /* ListViewController.m */ = {isa = PBXFileReference; lastKnownFileType = sourcecode.c.objc; path = ListViewController.m; sourceTree = "<group>"; };
		CDDE6F531C3BF145006BA901 /* Base */ = {isa = PBXFileReference; lastKnownFileType = file.storyboard; name = Base; path = Base.lproj/Main.storyboard; sourceTree = "<group>"; };
		CDDE6F551C3BF145006BA901 /* Assets.xcassets */ = {isa = PBXFileReference; lastKnownFileType = folder.assetcatalog; path = Assets.xcassets; sourceTree = "<group>"; };
		CDDE6F5A1C3BF145006BA901 /* Info.plist */ = {isa = PBXFileReference; lastKnownFileType = text.plist.xml; path = Info.plist; sourceTree = "<group>"; };
		CDDF40751C3D0385009BDD58 /* CheckListItem.h */ = {isa = PBXFileReference; fileEncoding = 4; lastKnownFileType = sourcecode.c.h; path = CheckListItem.h; sourceTree = "<group>"; };
		CDDF40761C3D0385009BDD58 /* CheckListItem.m */ = {isa = PBXFileReference; fileEncoding = 4; lastKnownFileType = sourcecode.c.objc; path = CheckListItem.m; sourceTree = "<group>"; };
/* End PBXFileReference section */

/* Begin PBXFrameworksBuildPhase section */
		CDDE6F431C3BF145006BA901 /* Frameworks */ = {
			isa = PBXFrameworksBuildPhase;
			buildActionMask = 2147483647;
			files = (
			);
			runOnlyForDeploymentPostprocessing = 0;
		};
/* End PBXFrameworksBuildPhase section */

/* Begin PBXGroup section */
		CDDE6F3D1C3BF145006BA901 = {
			isa = PBXGroup;
			children = (
				CDDE6F481C3BF145006BA901 /* ToDoList */,
				CDDE6F471C3BF145006BA901 /* Products */,
			);
			sourceTree = "<group>";
		};
		CDDE6F471C3BF145006BA901 /* Products */ = {
			isa = PBXGroup;
			children = (
				CDDE6F461C3BF145006BA901 /* ToDoList.app */,
			);
			name = Products;
			sourceTree = "<group>";
		};
		CDDE6F481C3BF145006BA901 /* ToDoList */ = {
			isa = PBXGroup;
			children = (
				CDDE6F4C1C3BF145006BA901 /* AppDelegate.h */,
				CDDE6F4D1C3BF145006BA901 /* AppDelegate.m */,
				CDDE6F4F1C3BF145006BA901 /* ListViewController.h */,
				CDDE6F501C3BF145006BA901 /* ListViewController.m */,
				CDDE6F521C3BF145006BA901 /* Main.storyboard */,
				CD22D6C61C3C05DE00BCB97C /* DetailItemTableViewController.h */,
				CD22D6C71C3C05DE00BCB97C /* DetailItemTableViewController.m */,
				CD7648371C3D389600CAEC14 /* CheckListTableViewCell.h */,
				CD7648381C3D389600CAEC14 /* CheckListTableViewCell.m */,
				CDDF40751C3D0385009BDD58 /* CheckListItem.h */,
				CDDF40761C3D0385009BDD58 /* CheckListItem.m */,
				CD6C44171C3D6622008D9D9F /* AllListViewController.h */,
				CD6C44181C3D6622008D9D9F /* AllListViewController.m */,
				CD6C441A1C3D66F2008D9D9F /* CheckList.h */,
				CD6C441B1C3D66F2008D9D9F /* CheckList.m */,
				CD6C441D1C3D6B2A008D9D9F /* ListDetailViewController.h */,
				CD6C441E1C3D6B2A008D9D9F /* ListDetailViewController.m */,
				CD20827B1C3E9EA500AC4D2D /* DataModel.h */,
				CD20827C1C3E9EA500AC4D2D /* DataModel.m */,
				CDC568571C40102000C03E20 /* IconPickerViewController.h */,
				CDC568581C40102000C03E20 /* IconPickerViewController.m */,
				CDDE6F551C3BF145006BA901 /* Assets.xcassets */,
				CDDE6F5A1C3BF145006BA901 /* Info.plist */,
				CDDE6F491C3BF145006BA901 /* Supporting Files */,
			);
			path = ToDoList;
			sourceTree = "<group>";
		};
		CDDE6F491C3BF145006BA901 /* Supporting Files */ = {
			isa = PBXGroup;
			children = (
				CDDE6F4A1C3BF145006BA901 /* main.m */,
			);
			name = "Supporting Files";
			sourceTree = "<group>";
		};
/* End PBXGroup section */

/* Begin PBXNativeTarget section */
		CDDE6F451C3BF145006BA901 /* ToDoList */ = {
			isa = PBXNativeTarget;
			buildConfigurationList = CDDE6F5D1C3BF145006BA901 /* Build configuration list for PBXNativeTarget "ToDoList" */;
			buildPhases = (
				CDDE6F421C3BF145006BA901 /* Sources */,
				CDDE6F431C3BF145006BA901 /* Frameworks */,
				CDDE6F441C3BF145006BA901 /* Resources */,
			);
			buildRules = (
			);
			dependencies = (
			);
			name = ToDoList;
			productName = ToDoList;
			productReference = CDDE6F461C3BF145006BA901 /* ToDoList.app */;
			productType = "com.apple.product-type.application";
		};
/* End PBXNativeTarget section */

/* Begin PBXProject section */
		CDDE6F3E1C3BF145006BA901 /* Project object */ = {
			isa = PBXProject;
			attributes = {
				LastUpgradeCheck = 0720;
				ORGANIZATIONNAME = "Van Luu";
				TargetAttributes = {
					CDDE6F451C3BF145006BA901 = {
						CreatedOnToolsVersion = 7.2;
						DevelopmentTeam = RJ6676GSKP;
					};
				};
			};
			buildConfigurationList = CDDE6F411C3BF145006BA901 /* Build configuration list for PBXProject "ToDoList" */;
			compatibilityVersion = "Xcode 3.2";
			developmentRegion = English;
			hasScannedForEncodings = 0;
			knownRegions = (
				en,
				Base,
			);
			mainGroup = CDDE6F3D1C3BF145006BA901;
			productRefGroup = CDDE6F471C3BF145006BA901 /* Products */;
			projectDirPath = "";
			projectRoot = "";
			targets = (
				CDDE6F451C3BF145006BA901 /* ToDoList */,
			);
		};
/* End PBXProject section */

/* Begin PBXResourcesBuildPhase section */
		CDDE6F441C3BF145006BA901 /* Resources */ = {
			isa = PBXResourcesBuildPhase;
			buildActionMask = 2147483647;
			files = (
				CDDE6F561C3BF145006BA901 /* Assets.xcassets in Resources */,
				CDDE6F541C3BF145006BA901 /* Main.storyboard in Resources */,
			);
			runOnlyForDeploymentPostprocessing = 0;
		};
/* End PBXResourcesBuildPhase section */

/* Begin PBXSourcesBuildPhase section */
		CDDE6F421C3BF145006BA901 /* Sources */ = {
			isa = PBXSourcesBuildPhase;
			buildActionMask = 2147483647;
			files = (
				CD6C441C1C3D66F2008D9D9F /* CheckList.m in Sources */,
				CD20827D1C3E9EA500AC4D2D /* DataModel.m in Sources */,
				CD7648391C3D389600CAEC14 /* CheckListTableViewCell.m in Sources */,
				CDDE6F511C3BF145006BA901 /* ListViewController.m in Sources */,
				CD6C44191C3D6622008D9D9F /* AllListViewController.m in Sources */,
				CDC568591C40102000C03E20 /* IconPickerViewController.m in Sources */,
				CDDE6F4E1C3BF145006BA901 /* AppDelegate.m in Sources */,
				CD6C441F1C3D6B2A008D9D9F /* ListDetailViewController.m in Sources */,
				CDDE6F4B1C3BF145006BA901 /* main.m in Sources */,
				CD22D6C81C3C05DE00BCB97C /* DetailItemTableViewController.m in Sources */,
				CDDF40771C3D0385009BDD58 /* CheckListItem.m in Sources */,
			);
			runOnlyForDeploymentPostprocessing = 0;
		};
/* End PBXSourcesBuildPhase section */

/* Begin PBXVariantGroup section */
		CDDE6F521C3BF145006BA901 /* Main.storyboard */ = {
			isa = PBXVariantGroup;
			children = (
				CDDE6F531C3BF145006BA901 /* Base */,
			);
			name = Main.storyboard;
			sourceTree = "<group>";
		};
/* End PBXVariantGroup section */

/* Begin XCBuildConfiguration section */
		CDDE6F5B1C3BF145006BA901 /* Debug */ = {
			isa = XCBuildConfiguration;
			buildSettings = {
				ALWAYS_SEARCH_USER_PATHS = NO;
				CLANG_CXX_LANGUAGE_STANDARD = "gnu++0x";
				CLANG_CXX_LIBRARY = "libc++";
				CLANG_ENABLE_MODULES = YES;
				CLANG_ENABLE_OBJC_ARC = YES;
				CLANG_WARN_BOOL_CONVERSION = YES;
				CLANG_WARN_CONSTANT_CONVERSION = YES;
				CLANG_WARN_DIRECT_OBJC_ISA_USAGE = YES_ERROR;
				CLANG_WARN_EMPTY_BODY = YES;
				CLANG_WARN_ENUM_CONVERSION = YES;
				CLANG_WARN_INT_CONVERSION = YES;
				CLANG_WARN_OBJC_ROOT_CLASS = YES_ERROR;
				CLANG_WARN_UNREACHABLE_CODE = YES;
				CLANG_WARN__DUPLICATE_METHOD_MATCH = YES;
				"CODE_SIGN_IDENTITY[sdk=iphoneos*]" = "iPhone Developer";
				COPY_PHASE_STRIP = NO;
				DEBUG_INFORMATION_FORMAT = dwarf;
				ENABLE_STRICT_OBJC_MSGSEND = YES;
				ENABLE_TESTABILITY = YES;
				GCC_C_LANGUAGE_STANDARD = gnu99;
				GCC_DYNAMIC_NO_PIC = NO;
				GCC_NO_COMMON_BLOCKS = YES;
				GCC_OPTIMIZATION_LEVEL = 0;
				GCC_PREPROCESSOR_DEFINITIONS = (
					"DEBUG=1",
					"$(inherited)",
				);
				GCC_WARN_64_TO_32_BIT_CONVERSION = YES;
				GCC_WARN_ABOUT_RETURN_TYPE = YES_ERROR;
				GCC_WARN_UNDECLARED_SELECTOR = YES;
				GCC_WARN_UNINITIALIZED_AUTOS = YES_AGGRESSIVE;
				GCC_WARN_UNUSED_FUNCTION = YES;
				GCC_WARN_UNUSED_VARIABLE = YES;
				IPHONEOS_DEPLOYMENT_TARGET = 9.2;
				MTL_ENABLE_DEBUG_INFO = YES;
				ONLY_ACTIVE_ARCH = YES;
				SDKROOT = iphoneos;
			};
			name = Debug;
		};
		CDDE6F5C1C3BF145006BA901 /* Release */ = {
			isa = XCBuildConfiguration;
			buildSettings = {
				ALWAYS_SEARCH_USER_PATHS = NO;
				CLANG_CXX_LANGUAGE_STANDARD = "gnu++0x";
				CLANG_CXX_LIBRARY = "libc++";
				CLANG_ENABLE_MODULES = YES;
				CLANG_ENABLE_OBJC_ARC = YES;
				CLANG_WARN_BOOL_CONVERSION = YES;
				CLANG_WARN_CONSTANT_CONVERSION = YES;
				CLANG_WARN_DIRECT_OBJC_ISA_USAGE = YES_ERROR;
				CLANG_WARN_EMPTY_BODY = YES;
				CLANG_WARN_ENUM_CONVERSION = YES;
				CLANG_WARN_INT_CONVERSION = YES;
				CLANG_WARN_OBJC_ROOT_CLASS = YES_ERROR;
				CLANG_WARN_UNREACHABLE_CODE = YES;
				CLANG_WARN__DUPLICATE_METHOD_MATCH = YES;
				"CODE_SIGN_IDENTITY[sdk=iphoneos*]" = "iPhone Developer";
				COPY_PHASE_STRIP = NO;
				DEBUG_INFORMATION_FORMAT = "dwarf-with-dsym";
				ENABLE_NS_ASSERTIONS = NO;
				ENABLE_STRICT_OBJC_MSGSEND = YES;
				GCC_C_LANGUAGE_STANDARD = gnu99;
				GCC_NO_COMMON_BLOCKS = YES;
				GCC_WARN_64_TO_32_BIT_CONVERSION = YES;
				GCC_WARN_ABOUT_RETURN_TYPE = YES_ERROR;
				GCC_WARN_UNDECLARED_SELECTOR = YES;
				GCC_WARN_UNINITIALIZED_AUTOS = YES_AGGRESSIVE;
				GCC_WARN_UNUSED_FUNCTION = YES;
				GCC_WARN_UNUSED_VARIABLE = YES;
				IPHONEOS_DEPLOYMENT_TARGET = 9.2;
				MTL_ENABLE_DEBUG_INFO = NO;
				SDKROOT = iphoneos;
				VALIDATE_PRODUCT = YES;
			};
			name = Release;
		};
		CDDE6F5E1C3BF145006BA901 /* Debug */ = {
			isa = XCBuildConfiguration;
			buildSettings = {
				ASSETCATALOG_COMPILER_APPICON_NAME = AppIcon;
				INFOPLIST_FILE = ToDoList/Info.plist;
				LD_RUNPATH_SEARCH_PATHS = "$(inherited) @executable_path/Frameworks";
				PRODUCT_BUNDLE_IDENTIFIER = abc.ToDoList;
				PRODUCT_NAME = "$(TARGET_NAME)";
			};
			name = Debug;
		};
		CDDE6F5F1C3BF145006BA901 /* Release */ = {
			isa = XCBuildConfiguration;
			buildSettings = {
				ASSETCATALOG_COMPILER_APPICON_NAME = AppIcon;
				INFOPLIST_FILE = ToDoList/Info.plist;
				LD_RUNPATH_SEARCH_PATHS = "$(inherited) @executable_path/Frameworks";
				PRODUCT_BUNDLE_IDENTIFIER = abc.ToDoList;
				PRODUCT_NAME = "$(TARGET_NAME)";
			};
			name = Release;
		};
/* End XCBuildConfiguration section */

/* Begin XCConfigurationList section */
		CDDE6F411C3BF145006BA901 /* Build configuration list for PBXProject "ToDoList" */ = {
			isa = XCConfigurationList;
			buildConfigurations = (
				CDDE6F5B1C3BF145006BA901 /* Debug */,
				CDDE6F5C1C3BF145006BA901 /* Release */,
			);
			defaultConfigurationIsVisible = 0;
			defaultConfigurationName = Release;
		};
		CDDE6F5D1C3BF145006BA901 /* Build configuration list for PBXNativeTarget "ToDoList" */ = {
			isa = XCConfigurationList;
			buildConfigurations = (
				CDDE6F5E1C3BF145006BA901 /* Debug */,
				CDDE6F5F1C3BF145006BA901 /* Release */,
			);
			defaultConfigurationIsVisible = 0;
			defaultConfigurationName = Release;
		};
/* End XCConfigurationList section */
	};
	rootObject = CDDE6F3E1C3BF145006BA901 /* Project object */;
}
